--- 
dependencies: 
  haml: 
    group: 
    - :default
    version: ">= 2.0.0"
  inherited_resources: 
    group: 
    - :default
    version: = 1.0.6
  formtastic: 
    group: 
    - :default
    version: ">= 0.9.10"
  will_paginate: 
    group: 
    - :default
    version: ">= 2.3.12"
specs: 
- activesupport: 
    version: 2.3.8
- rack: 
    version: 1.1.0
- actionpack: 
    version: 2.3.8
- formtastic: 
    version: 0.9.10
- haml: 
    version: 3.0.13
- has_scope: 
    version: 0.5.0
- responders: 
    version: 0.4.7
- inherited_resources: 
    version: 1.0.6
- will_paginate: 
    version: 2.3.14
hash: 4a1262f7a26a3c6d1a7a8f8997878bbf0208a7ef
sources: 
- Rubygems: 
    uri: http://gemcutter.org
